
Microsoft Visual Studio Solution File, Format Version 12.00
# Visual Studio Version 17
VisualStudioVersion = 17.0.32112.339
MinimumVisualStudioVersion = 10.0.40219.1
Project("{FAE04EC0-301F-11D3-BF4B-00C04F79EFBC}") = "ExoApi", "ExoApi\ExoApi.csproj", "{2535F01F-5DED-463C-8604-245B0C74B187}"
EndProject
Global
	GlobalSection(SolutionConfigurationPlatforms) = preSolution
		Debug|Any CPU = Debug|Any CPU
		Release|Any CPU = Release|Any CPU
	EndGlobalSection
	GlobalSection(ProjectConfigurationPlatforms) = postSolution
		{2535F01F-5DED-463C-8604-245B0C74B187}.Debug|Any CPU.ActiveCfg = Debug|Any CPU
		{2535F01F-5DED-463C-8604-245B0C74B187}.Debug|Any CPU.Build.0 = Debug|Any CPU
		{2535F01F-5DED-463C-8604-245B0C74B187}.Release|Any CPU.ActiveCfg = Release|Any CPU
		{2535F01F-5DED-463C-8604-245B0C74B187}.Release|Any CPU.Build.0 = Release|Any CPU
	EndGlobalSection
	GlobalSection(SolutionProperties) = preSolution
		HideSolutionNode = FALSE
	EndGlobalSection
	GlobalSection(ExtensibilityGlobals) = postSolution
		SolutionGuid = {3CE1FA3B-5979-4F2B-9642-BEA9EBA3B4FB}
	EndGlobalSection
EndGlobal
